
Microsoft Visual Studio Solution File, Format Version 12.00
Project("{FAE04EC0-301F-11D3-BF4B-00C04F79EFBC}") = "Asou.Core", "Asou.Core\Asou.Core.csproj", "{217DE152-B18C-40B8-AA99-CA9AE2FA7A08}"
EndProject
Project("{FAE04EC0-301F-11D3-BF4B-00C04F79EFBC}") = "Asou.Core.Tests", "tests\Asou.Core.Tests\Asou.Core.Tests.csproj", "{5E206FE7-BE43-4816-A963-5FDDFE46FCFC}"
EndProject
Project("{FAE04EC0-301F-11D3-BF4B-00C04F79EFBC}") = "Asou.Core.Benchmark", "Benchmarks\Asou.Core.Benchmark\Asou.Core.Benchmark.csproj", "{306EB2D7-782E-4D66-879C-FE85D0AD6EAB}"
EndProject
Project("{FAE04EC0-301F-11D3-BF4B-00C04F79EFBC}") = "Asou.ContextCall", "Asou.ContextCall\Asou.ContextCall.csproj", "{2D4F1530-EEA2-4A73-ACC0-616ECDEC8463}"
EndProject
Project("{FAE04EC0-301F-11D3-BF4B-00C04F79EFBC}") = "Asou.Abstractions", "Asou.Abstractions\Asou.Abstractions.csproj", "{2E707723-05E9-4721-822C-EBB25D552E3C}"
EndProject
Project("{FAE04EC0-301F-11D3-BF4B-00C04F79EFBC}") = "Asou.ByteCodeEngine", "Asou.ByteCodeEngine\Asou.ByteCodeEngine.csproj", "{1E014BEC-C119-4266-B383-C67F27CFD506}"
EndProject
Project("{FAE04EC0-301F-11D3-BF4B-00C04F79EFBC}") = "Asou.GraphEngine", "Asou.GraphEngine\Asou.GraphEngine.csproj", "{B2F2E03E-0DDB-4029-ACB1-62B63C4CBB4F}"
EndProject
Project("{FAE04EC0-301F-11D3-BF4B-00C04F79EFBC}") = "WebApplication1", "Samples\WebApplication1\WebApplication1.csproj", "{E8520305-4EBD-4B57-B486-FAFE458887CC}"
EndProject
Project("{FAE04EC0-301F-11D3-BF4B-00C04F79EFBC}") = "Asou.GraphEngine.CodeContractStorage", "Asou.GraphEngine.CodeContractStorage\Asou.GraphEngine.CodeContractStorage.csproj", "{A714BF6D-4484-4D90-A5CD-001C9B17F0D3}"
EndProject
Global
	GlobalSection(SolutionConfigurationPlatforms) = preSolution
		Debug|Any CPU = Debug|Any CPU
		Release|Any CPU = Release|Any CPU
	EndGlobalSection
	GlobalSection(ProjectConfigurationPlatforms) = postSolution
		{217DE152-B18C-40B8-AA99-CA9AE2FA7A08}.Debug|Any CPU.ActiveCfg = Debug|Any CPU
		{217DE152-B18C-40B8-AA99-CA9AE2FA7A08}.Debug|Any CPU.Build.0 = Debug|Any CPU
		{217DE152-B18C-40B8-AA99-CA9AE2FA7A08}.Release|Any CPU.ActiveCfg = Release|Any CPU
		{217DE152-B18C-40B8-AA99-CA9AE2FA7A08}.Release|Any CPU.Build.0 = Release|Any CPU
		{5E206FE7-BE43-4816-A963-5FDDFE46FCFC}.Debug|Any CPU.ActiveCfg = Debug|Any CPU
		{5E206FE7-BE43-4816-A963-5FDDFE46FCFC}.Debug|Any CPU.Build.0 = Debug|Any CPU
		{5E206FE7-BE43-4816-A963-5FDDFE46FCFC}.Release|Any CPU.ActiveCfg = Release|Any CPU
		{5E206FE7-BE43-4816-A963-5FDDFE46FCFC}.Release|Any CPU.Build.0 = Release|Any CPU
		{306EB2D7-782E-4D66-879C-FE85D0AD6EAB}.Debug|Any CPU.ActiveCfg = Debug|Any CPU
		{306EB2D7-782E-4D66-879C-FE85D0AD6EAB}.Debug|Any CPU.Build.0 = Debug|Any CPU
		{306EB2D7-782E-4D66-879C-FE85D0AD6EAB}.Release|Any CPU.ActiveCfg = Release|Any CPU
		{306EB2D7-782E-4D66-879C-FE85D0AD6EAB}.Release|Any CPU.Build.0 = Release|Any CPU
		{2D4F1530-EEA2-4A73-ACC0-616ECDEC8463}.Debug|Any CPU.ActiveCfg = Debug|Any CPU
		{2D4F1530-EEA2-4A73-ACC0-616ECDEC8463}.Debug|Any CPU.Build.0 = Debug|Any CPU
		{2D4F1530-EEA2-4A73-ACC0-616ECDEC8463}.Release|Any CPU.ActiveCfg = Release|Any CPU
		{2D4F1530-EEA2-4A73-ACC0-616ECDEC8463}.Release|Any CPU.Build.0 = Release|Any CPU
		{2E707723-05E9-4721-822C-EBB25D552E3C}.Debug|Any CPU.ActiveCfg = Debug|Any CPU
		{2E707723-05E9-4721-822C-EBB25D552E3C}.Debug|Any CPU.Build.0 = Debug|Any CPU
		{2E707723-05E9-4721-822C-EBB25D552E3C}.Release|Any CPU.ActiveCfg = Release|Any CPU
		{2E707723-05E9-4721-822C-EBB25D552E3C}.Release|Any CPU.Build.0 = Release|Any CPU
		{1E014BEC-C119-4266-B383-C67F27CFD506}.Debug|Any CPU.ActiveCfg = Debug|Any CPU
		{1E014BEC-C119-4266-B383-C67F27CFD506}.Debug|Any CPU.Build.0 = Debug|Any CPU
		{1E014BEC-C119-4266-B383-C67F27CFD506}.Release|Any CPU.ActiveCfg = Release|Any CPU
		{1E014BEC-C119-4266-B383-C67F27CFD506}.Release|Any CPU.Build.0 = Release|Any CPU
		{B2F2E03E-0DDB-4029-ACB1-62B63C4CBB4F}.Debug|Any CPU.ActiveCfg = Debug|Any CPU
		{B2F2E03E-0DDB-4029-ACB1-62B63C4CBB4F}.Debug|Any CPU.Build.0 = Debug|Any CPU
		{B2F2E03E-0DDB-4029-ACB1-62B63C4CBB4F}.Release|Any CPU.ActiveCfg = Release|Any CPU
		{B2F2E03E-0DDB-4029-ACB1-62B63C4CBB4F}.Release|Any CPU.Build.0 = Release|Any CPU
		{E8520305-4EBD-4B57-B486-FAFE458887CC}.Debug|Any CPU.ActiveCfg = Debug|Any CPU
		{E8520305-4EBD-4B57-B486-FAFE458887CC}.Debug|Any CPU.Build.0 = Debug|Any CPU
		{E8520305-4EBD-4B57-B486-FAFE458887CC}.Release|Any CPU.ActiveCfg = Release|Any CPU
		{E8520305-4EBD-4B57-B486-FAFE458887CC}.Release|Any CPU.Build.0 = Release|Any CPU
		{A714BF6D-4484-4D90-A5CD-001C9B17F0D3}.Debug|Any CPU.ActiveCfg = Debug|Any CPU
		{A714BF6D-4484-4D90-A5CD-001C9B17F0D3}.Debug|Any CPU.Build.0 = Debug|Any CPU
		{A714BF6D-4484-4D90-A5CD-001C9B17F0D3}.Release|Any CPU.ActiveCfg = Release|Any CPU
		{A714BF6D-4484-4D90-A5CD-001C9B17F0D3}.Release|Any CPU.Build.0 = Release|Any CPU
	EndGlobalSection
EndGlobal
